// !$*UTF8*$!
{
	archiveVersion = 1;
	classes = {
	};
	objectVersion = 50;
	objects = {

/* Begin PBXBuildFile section */
		1D833AFD26D78D5C000023B4 /* AppDelegate.swift in Sources */ = {isa = PBXBuildFile; fileRef = 1D833AFC26D78D5C000023B4 /* AppDelegate.swift */; };
		1D833AFF26D78D5C000023B4 /* SceneDelegate.swift in Sources */ = {isa = PBXBuildFile; fileRef = 1D833AFE26D78D5C000023B4 /* SceneDelegate.swift */; };
		1D833B0126D78D5C000023B4 /* ViewController.swift in Sources */ = {isa = PBXBuildFile; fileRef = 1D833B0026D78D5C000023B4 /* ViewController.swift */; };
		1D833B0426D78D5C000023B4 /* Main.storyboard in Resources */ = {isa = PBXBuildFile; fileRef = 1D833B0226D78D5C000023B4 /* Main.storyboard */; };
		1D833B0626D78D5D000023B4 /* Assets.xcassets in Resources */ = {isa = PBXBuildFile; fileRef = 1D833B0526D78D5D000023B4 /* Assets.xcassets */; };
		1D833B0926D78D5D000023B4 /* LaunchScreen.storyboard in Resources */ = {isa = PBXBuildFile; fileRef = 1D833B0726D78D5D000023B4 /* LaunchScreen.storyboard */; };
		1D833B1426D78D5D000023B4 /* bitfinex_TradeTests.swift in Sources */ = {isa = PBXBuildFile; fileRef = 1D833B1326D78D5D000023B4 /* bitfinex_TradeTests.swift */; };
		1D833B1F26D78D5D000023B4 /* bitfinex_TradeUITests.swift in Sources */ = {isa = PBXBuildFile; fileRef = 1D833B1E26D78D5D000023B4 /* bitfinex_TradeUITests.swift */; };
/* End PBXBuildFile section */

/* Begin PBXContainerItemProxy section */
		1D833B1026D78D5D000023B4 /* PBXContainerItemProxy */ = {
			isa = PBXContainerItemProxy;
			containerPortal = 1D833AF126D78D5C000023B4 /* Project object */;
			proxyType = 1;
			remoteGlobalIDString = 1D833AF826D78D5C000023B4;
			remoteInfo = "bitfinex-Trade";
		};
		1D833B1B26D78D5D000023B4 /* PBXContainerItemProxy */ = {
			isa = PBXContainerItemProxy;
			containerPortal = 1D833AF126D78D5C000023B4 /* Project object */;
			proxyType = 1;
			remoteGlobalIDString = 1D833AF826D78D5C000023B4;
			remoteInfo = "bitfinex-Trade";
		};
/* End PBXContainerItemProxy section */

/* Begin PBXFileReference section */
		1D833AF926D78D5C000023B4 /* bitfinex-Trade.app */ = {isa = PBXFileReference; explicitFileType = wrapper.application; includeInIndex = 0; path = "bitfinex-Trade.app"; sourceTree = BUILT_PRODUCTS_DIR; };
		1D833AFC26D78D5C000023B4 /* AppDelegate.swift */ = {isa = PBXFileReference; lastKnownFileType = sourcecode.swift; path = AppDelegate.swift; sourceTree = "<group>"; };
		1D833AFE26D78D5C000023B4 /* SceneDelegate.swift */ = {isa = PBXFileReference; lastKnownFileType = sourcecode.swift; path = SceneDelegate.swift; sourceTree = "<group>"; };
		1D833B0026D78D5C000023B4 /* ViewController.swift */ = {isa = PBXFileReference; lastKnownFileType = sourcecode.swift; path = ViewController.swift; sourceTree = "<group>"; };
		1D833B0326D78D5C000023B4 /* Base */ = {isa = PBXFileReference; lastKnownFileType = file.storyboard; name = Base; path = Base.lproj/Main.storyboard; sourceTree = "<group>"; };
		1D833B0526D78D5D000023B4 /* Assets.xcassets */ = {isa = PBXFileReference; lastKnownFileType = folder.assetcatalog; path = Assets.xcassets; sourceTree = "<group>"; };
		1D833B0826D78D5D000023B4 /* Base */ = {isa = PBXFileReference; lastKnownFileType = file.storyboard; name = Base; path = Base.lproj/LaunchScreen.storyboard; sourceTree = "<group>"; };
		1D833B0A26D78D5D000023B4 /* Info.plist */ = {isa = PBXFileReference; lastKnownFileType = text.plist.xml; path = Info.plist; sourceTree = "<group>"; };
		1D833B0F26D78D5D000023B4 /* bitfinex-TradeTests.xctest */ = {isa = PBXFileReference; explicitFileType = wrapper.cfbundle; includeInIndex = 0; path = "bitfinex-TradeTests.xctest"; sourceTree = BUILT_PRODUCTS_DIR; };
		1D833B1326D78D5D000023B4 /* bitfinex_TradeTests.swift */ = {isa = PBXFileReference; lastKnownFileType = sourcecode.swift; path = bitfinex_TradeTests.swift; sourceTree = "<group>"; };
		1D833B1526D78D5D000023B4 /* Info.plist */ = {isa = PBXFileReference; lastKnownFileType = text.plist.xml; path = Info.plist; sourceTree = "<group>"; };
		1D833B1A26D78D5D000023B4 /* bitfinex-TradeUITests.xctest */ = {isa = PBXFileReference; explicitFileType = wrapper.cfbundle; includeInIndex = 0; path = "bitfinex-TradeUITests.xctest"; sourceTree = BUILT_PRODUCTS_DIR; };
		1D833B1E26D78D5D000023B4 /* bitfinex_TradeUITests.swift */ = {isa = PBXFileReference; lastKnownFileType = sourcecode.swift; path = bitfinex_TradeUITests.swift; sourceTree = "<group>"; };
		1D833B2026D78D5D000023B4 /* Info.plist */ = {isa = PBXFileReference; lastKnownFileType = text.plist.xml; path = Info.plist; sourceTree = "<group>"; };
/* End PBXFileReference section */

/* Begin PBXFrameworksBuildPhase section */
		1D833AF626D78D5C000023B4 /* Frameworks */ = {
			isa = PBXFrameworksBuildPhase;
			buildActionMask = 2147483647;
			files = (
			);
			runOnlyForDeploymentPostprocessing = 0;
		};
		1D833B0C26D78D5D000023B4 /* Frameworks */ = {
			isa = PBXFrameworksBuildPhase;
			buildActionMask = 2147483647;
			files = (
			);
			runOnlyForDeploymentPostprocessing = 0;
		};
		1D833B1726D78D5D000023B4 /* Frameworks */ = {
			isa = PBXFrameworksBuildPhase;
			buildActionMask = 2147483647;
			files = (
			);
			runOnlyForDeploymentPostprocessing = 0;
		};
/* End PBXFrameworksBuildPhase section */

/* Begin PBXGroup section */
		1D833AF026D78D5C000023B4 = {
			isa = PBXGroup;
			children = (
				1D833AFB26D78D5C000023B4 /* bitfinex-Trade */,
				1D833B1226D78D5D000023B4 /* bitfinex-TradeTests */,
				1D833B1D26D78D5D000023B4 /* bitfinex-TradeUITests */,
				1D833AFA26D78D5C000023B4 /* Products */,
			);
			sourceTree = "<group>";
		};
		1D833AFA26D78D5C000023B4 /* Products */ = {
			isa = PBXGroup;
			children = (
				1D833AF926D78D5C000023B4 /* bitfinex-Trade.app */,
				1D833B0F26D78D5D000023B4 /* bitfinex-TradeTests.xctest */,
				1D833B1A26D78D5D000023B4 /* bitfinex-TradeUITests.xctest */,
			);
			name = Products;
			sourceTree = "<group>";
		};
		1D833AFB26D78D5C000023B4 /* bitfinex-Trade */ = {
			isa = PBXGroup;
			children = (
				1D833AFC26D78D5C000023B4 /* AppDelegate.swift */,
				1D833AFE26D78D5C000023B4 /* SceneDelegate.swift */,
				1D833B0026D78D5C000023B4 /* ViewController.swift */,
				1D833B0226D78D5C000023B4 /* Main.storyboard */,
				1D833B0526D78D5D000023B4 /* Assets.xcassets */,
				1D833B0726D78D5D000023B4 /* LaunchScreen.storyboard */,
				1D833B0A26D78D5D000023B4 /* Info.plist */,
			);
			path = "bitfinex-Trade";
			sourceTree = "<group>";
		};
		1D833B1226D78D5D000023B4 /* bitfinex-TradeTests */ = {
			isa = PBXGroup;
			children = (
				1D833B1326D78D5D000023B4 /* bitfinex_TradeTests.swift */,
				1D833B1526D78D5D000023B4 /* Info.plist */,
			);
			path = "bitfinex-TradeTests";
			sourceTree = "<group>";
		};
		1D833B1D26D78D5D000023B4 /* bitfinex-TradeUITests */ = {
			isa = PBXGroup;
			children = (
				1D833B1E26D78D5D000023B4 /* bitfinex_TradeUITests.swift */,
				1D833B2026D78D5D000023B4 /* Info.plist */,
			);
			path = "bitfinex-TradeUITests";
			sourceTree = "<group>";
		};
/* End PBXGroup section */

/* Begin PBXNativeTarget section */
		1D833AF826D78D5C000023B4 /* bitfinex-Trade */ = {
			isa = PBXNativeTarget;
			buildConfigurationList = 1D833B2326D78D5D000023B4 /* Build configuration list for PBXNativeTarget "bitfinex-Trade" */;
			buildPhases = (
				1D833AF526D78D5C000023B4 /* Sources */,
				1D833AF626D78D5C000023B4 /* Frameworks */,
				1D833AF726D78D5C000023B4 /* Resources */,
			);
			buildRules = (
			);
			dependencies = (
			);
			name = "bitfinex-Trade";
			productName = "bitfinex-Trade";
			productReference = 1D833AF926D78D5C000023B4 /* bitfinex-Trade.app */;
			productType = "com.apple.product-type.application";
		};
		1D833B0E26D78D5D000023B4 /* bitfinex-TradeTests */ = {
			isa = PBXNativeTarget;
			buildConfigurationList = 1D833B2626D78D5D000023B4 /* Build configuration list for PBXNativeTarget "bitfinex-TradeTests" */;
			buildPhases = (
				1D833B0B26D78D5D000023B4 /* Sources */,
				1D833B0C26D78D5D000023B4 /* Frameworks */,
				1D833B0D26D78D5D000023B4 /* Resources */,
			);
			buildRules = (
			);
			dependencies = (
				1D833B1126D78D5D000023B4 /* PBXTargetDependency */,
			);
			name = "bitfinex-TradeTests";
			productName = "bitfinex-TradeTests";
			productReference = 1D833B0F26D78D5D000023B4 /* bitfinex-TradeTests.xctest */;
			productType = "com.apple.product-type.bundle.unit-test";
		};
		1D833B1926D78D5D000023B4 /* bitfinex-TradeUITests */ = {
			isa = PBXNativeTarget;
			buildConfigurationList = 1D833B2926D78D5D000023B4 /* Build configuration list for PBXNativeTarget "bitfinex-TradeUITests" */;
			buildPhases = (
				1D833B1626D78D5D000023B4 /* Sources */,
				1D833B1726D78D5D000023B4 /* Frameworks */,
				1D833B1826D78D5D000023B4 /* Resources */,
			);
			buildRules = (
			);
			dependencies = (
				1D833B1C26D78D5D000023B4 /* PBXTargetDependency */,
			);
			name = "bitfinex-TradeUITests";
			productName = "bitfinex-TradeUITests";
			productReference = 1D833B1A26D78D5D000023B4 /* bitfinex-TradeUITests.xctest */;
			productType = "com.apple.product-type.bundle.ui-testing";
		};
/* End PBXNativeTarget section */

/* Begin PBXProject section */
		1D833AF126D78D5C000023B4 /* Project object */ = {
			isa = PBXProject;
			attributes = {
				LastSwiftUpdateCheck = 1250;
				LastUpgradeCheck = 1250;
				TargetAttributes = {
					1D833AF826D78D5C000023B4 = {
						CreatedOnToolsVersion = 12.5.1;
					};
					1D833B0E26D78D5D000023B4 = {
						CreatedOnToolsVersion = 12.5.1;
						TestTargetID = 1D833AF826D78D5C000023B4;
					};
					1D833B1926D78D5D000023B4 = {
						CreatedOnToolsVersion = 12.5.1;
						TestTargetID = 1D833AF826D78D5C000023B4;
					};
				};
			};
			buildConfigurationList = 1D833AF426D78D5C000023B4 /* Build configuration list for PBXProject "bitfinex-Trade" */;
			compatibilityVersion = "Xcode 9.3";
			developmentRegion = en;
			hasScannedForEncodings = 0;
			knownRegions = (
				en,
				Base,
			);
			mainGroup = 1D833AF026D78D5C000023B4;
			productRefGroup = 1D833AFA26D78D5C000023B4 /* Products */;
			projectDirPath = "";
			projectRoot = "";
			targets = (
				1D833AF826D78D5C000023B4 /* bitfinex-Trade */,
				1D833B0E26D78D5D000023B4 /* bitfinex-TradeTests */,
				1D833B1926D78D5D000023B4 /* bitfinex-TradeUITests */,
			);
		};
/* End PBXProject section */

/* Begin PBXResourcesBuildPhase section */
		1D833AF726D78D5C000023B4 /* Resources */ = {
			isa = PBXResourcesBuildPhase;
			buildActionMask = 2147483647;
			files = (
				1D833B0926D78D5D000023B4 /* LaunchScreen.storyboard in Resources */,
				1D833B0626D78D5D000023B4 /* Assets.xcassets in Resources */,
				1D833B0426D78D5C000023B4 /* Main.storyboard in Resources */,
			);
			runOnlyForDeploymentPostprocessing = 0;
		};
		1D833B0D26D78D5D000023B4 /* Resources */ = {
			isa = PBXResourcesBuildPhase;
			buildActionMask = 2147483647;
			files = (
			);
			runOnlyForDeploymentPostprocessing = 0;
		};
		1D833B1826D78D5D000023B4 /* Resources */ = {
			isa = PBXResourcesBuildPhase;
			buildActionMask = 2147483647;
			files = (
			);
			runOnlyForDeploymentPostprocessing = 0;
		};
/* End PBXResourcesBuildPhase section */

/* Begin PBXSourcesBuildPhase section */
		1D833AF526D78D5C000023B4 /* Sources */ = {
			isa = PBXSourcesBuildPhase;
			buildActionMask = 2147483647;
			files = (
				1D833B0126D78D5C000023B4 /* ViewController.swift in Sources */,
				1D833AFD26D78D5C000023B4 /* AppDelegate.swift in Sources */,
				1D833AFF26D78D5C000023B4 /* SceneDelegate.swift in Sources */,
			);
			runOnlyForDeploymentPostprocessing = 0;
		};
		1D833B0B26D78D5D000023B4 /* Sources */ = {
			isa = PBXSourcesBuildPhase;
			buildActionMask = 2147483647;
			files = (
				1D833B1426D78D5D000023B4 /* bitfinex_TradeTests.swift in Sources */,
			);
			runOnlyForDeploymentPostprocessing = 0;
		};
		1D833B1626D78D5D000023B4 /* Sources */ = {
			isa = PBXSourcesBuildPhase;
			buildActionMask = 2147483647;
			files = (
				1D833B1F26D78D5D000023B4 /* bitfinex_TradeUITests.swift in Sources */,
			);
			runOnlyForDeploymentPostprocessing = 0;
		};
/* End PBXSourcesBuildPhase section */

/* Begin PBXTargetDependency section */
		1D833B1126D78D5D000023B4 /* PBXTargetDependency */ = {
			isa = PBXTargetDependency;
			target = 1D833AF826D78D5C000023B4 /* bitfinex-Trade */;
			targetProxy = 1D833B1026D78D5D000023B4 /* PBXContainerItemProxy */;
		};
		1D833B1C26D78D5D000023B4 /* PBXTargetDependency */ = {
			isa = PBXTargetDependency;
			target = 1D833AF826D78D5C000023B4 /* bitfinex-Trade */;
			targetProxy = 1D833B1B26D78D5D000023B4 /* PBXContainerItemProxy */;
		};
/* End PBXTargetDependency section */

/* Begin PBXVariantGroup section */
		1D833B0226D78D5C000023B4 /* Main.storyboard */ = {
			isa = PBXVariantGroup;
			children = (
				1D833B0326D78D5C000023B4 /* Base */,
			);
			name = Main.storyboard;
			sourceTree = "<group>";
		};
		1D833B0726D78D5D000023B4 /* LaunchScreen.storyboard */ = {
			isa = PBXVariantGroup;
			children = (
				1D833B0826D78D5D000023B4 /* Base */,
			);
			name = LaunchScreen.storyboard;
			sourceTree = "<group>";
		};
/* End PBXVariantGroup section */

/* Begin XCBuildConfiguration section */
		1D833B2126D78D5D000023B4 /* Debug */ = {
			isa = XCBuildConfiguration;
			buildSettings = {
				ALWAYS_SEARCH_USER_PATHS = NO;
				CLANG_ANALYZER_NONNULL = YES;
				CLANG_ANALYZER_NUMBER_OBJECT_CONVERSION = YES_AGGRESSIVE;
				CLANG_CXX_LANGUAGE_STANDARD = "gnu++14";
				CLANG_CXX_LIBRARY = "libc++";
				CLANG_ENABLE_MODULES = YES;
				CLANG_ENABLE_OBJC_ARC = YES;
				CLANG_ENABLE_OBJC_WEAK = YES;
				CLANG_WARN_BLOCK_CAPTURE_AUTORELEASING = YES;
				CLANG_WARN_BOOL_CONVERSION = YES;
				CLANG_WARN_COMMA = YES;
				CLANG_WARN_CONSTANT_CONVERSION = YES;
				CLANG_WARN_DEPRECATED_OBJC_IMPLEMENTATIONS = YES;
				CLANG_WARN_DIRECT_OBJC_ISA_USAGE = YES_ERROR;
				CLANG_WARN_DOCUMENTATION_COMMENTS = YES;
				CLANG_WARN_EMPTY_BODY = YES;
				CLANG_WARN_ENUM_CONVERSION = YES;
				CLANG_WARN_INFINITE_RECURSION = YES;
				CLANG_WARN_INT_CONVERSION = YES;
				CLANG_WARN_NON_LITERAL_NULL_CONVERSION = YES;
				CLANG_WARN_OBJC_IMPLICIT_RETAIN_SELF = YES;
				CLANG_WARN_OBJC_LITERAL_CONVERSION = YES;
				CLANG_WARN_OBJC_ROOT_CLASS = YES_ERROR;
				CLANG_WARN_QUOTED_INCLUDE_IN_FRAMEWORK_HEADER = YES;
				CLANG_WARN_RANGE_LOOP_ANALYSIS = YES;
				CLANG_WARN_STRICT_PROTOTYPES = YES;
				CLANG_WARN_SUSPICIOUS_MOVE = YES;
				CLANG_WARN_UNGUARDED_AVAILABILITY = YES_AGGRESSIVE;
				CLANG_WARN_UNREACHABLE_CODE = YES;
				CLANG_WARN__DUPLICATE_METHOD_MATCH = YES;
				COPY_PHASE_STRIP = NO;
				DEBUG_INFORMATION_FORMAT = dwarf;
				ENABLE_STRICT_OBJC_MSGSEND = YES;
				ENABLE_TESTABILITY = YES;
				GCC_C_LANGUAGE_STANDARD = gnu11;
				GCC_DYNAMIC_NO_PIC = NO;
				GCC_NO_COMMON_BLOCKS = YES;
				GCC_OPTIMIZATION_LEVEL = 0;
				GCC_PREPROCESSOR_DEFINITIONS = (
					"DEBUG=1",
					"$(inherited)",
				);
				GCC_WARN_64_TO_32_BIT_CONVERSION = YES;
				GCC_WARN_ABOUT_RETURN_TYPE = YES_ERROR;
				GCC_WARN_UNDECLARED_SELECTOR = YES;
				GCC_WARN_UNINITIALIZED_AUTOS = YES_AGGRESSIVE;
				GCC_WARN_UNUSED_FUNCTION = YES;
				GCC_WARN_UNUSED_VARIABLE = YES;
				IPHONEOS_DEPLOYMENT_TARGET = 14.5;
				MTL_ENABLE_DEBUG_INFO = INCLUDE_SOURCE;
				MTL_FAST_MATH = YES;
				ONLY_ACTIVE_ARCH = YES;
				SDKROOT = iphoneos;
				SWIFT_ACTIVE_COMPILATION_CONDITIONS = DEBUG;
				SWIFT_OPTIMIZATION_LEVEL = "-Onone";
			};
			name = Debug;
		};
		1D833B2226D78D5D000023B4 /* Release */ = {
			isa = XCBuildConfiguration;
			buildSettings = {
				ALWAYS_SEARCH_USER_PATHS = NO;
				CLANG_ANALYZER_NONNULL = YES;
				CLANG_ANALYZER_NUMBER_OBJECT_CONVERSION = YES_AGGRESSIVE;
				CLANG_CXX_LANGUAGE_STANDARD = "gnu++14";
				CLANG_CXX_LIBRARY = "libc++";
				CLANG_ENABLE_MODULES = YES;
				CLANG_ENABLE_OBJC_ARC = YES;
				CLANG_ENABLE_OBJC_WEAK = YES;
				CLANG_WARN_BLOCK_CAPTURE_AUTORELEASING = YES;
				CLANG_WARN_BOOL_CONVERSION = YES;
				CLANG_WARN_COMMA = YES;
				CLANG_WARN_CONSTANT_CONVERSION = YES;
				CLANG_WARN_DEPRECATED_OBJC_IMPLEMENTATIONS = YES;
				CLANG_WARN_DIRECT_OBJC_ISA_USAGE = YES_ERROR;
				CLANG_WARN_DOCUMENTATION_COMMENTS = YES;
				CLANG_WARN_EMPTY_BODY = YES;
				CLANG_WARN_ENUM_CONVERSION = YES;
				CLANG_WARN_INFINITE_RECURSION = YES;
				CLANG_WARN_INT_CONVERSION = YES;
				CLANG_WARN_NON_LITERAL_NULL_CONVERSION = YES;
				CLANG_WARN_OBJC_IMPLICIT_RETAIN_SELF = YES;
				CLANG_WARN_OBJC_LITERAL_CONVERSION = YES;
				CLANG_WARN_OBJC_ROOT_CLASS = YES_ERROR;
				CLANG_WARN_QUOTED_INCLUDE_IN_FRAMEWORK_HEADER = YES;
				CLANG_WARN_RANGE_LOOP_ANALYSIS = YES;
				CLANG_WARN_STRICT_PROTOTYPES = YES;
				CLANG_WARN_SUSPICIOUS_MOVE = YES;
				CLANG_WARN_UNGUARDED_AVAILABILITY = YES_AGGRESSIVE;
				CLANG_WARN_UNREACHABLE_CODE = YES;
				CLANG_WARN__DUPLICATE_METHOD_MATCH = YES;
				COPY_PHASE_STRIP = NO;
				DEBUG_INFORMATION_FORMAT = "dwarf-with-dsym";
				ENABLE_NS_ASSERTIONS = NO;
				ENABLE_STRICT_OBJC_MSGSEND = YES;
				GCC_C_LANGUAGE_STANDARD = gnu11;
				GCC_NO_COMMON_BLOCKS = YES;
				GCC_WARN_64_TO_32_BIT_CONVERSION = YES;
				GCC_WARN_ABOUT_RETURN_TYPE = YES_ERROR;
				GCC_WARN_UNDECLARED_SELECTOR = YES;
				GCC_WARN_UNINITIALIZED_AUTOS = YES_AGGRESSIVE;
				GCC_WARN_UNUSED_FUNCTION = YES;
				GCC_WARN_UNUSED_VARIABLE = YES;
				IPHONEOS_DEPLOYMENT_TARGET = 14.5;
				MTL_ENABLE_DEBUG_INFO = NO;
				MTL_FAST_MATH = YES;
				SDKROOT = iphoneos;
				SWIFT_COMPILATION_MODE = wholemodule;
				SWIFT_OPTIMIZATION_LEVEL = "-O";
				VALIDATE_PRODUCT = YES;
			};
			name = Release;
		};
		1D833B2426D78D5D000023B4 /* Debug */ = {
			isa = XCBuildConfiguration;
			buildSettings = {
				ASSETCATALOG_COMPILER_APPICON_NAME = AppIcon;
				ASSETCATALOG_COMPILER_GLOBAL_ACCENT_COLOR_NAME = AccentColor;
				CODE_SIGN_STYLE = Automatic;
				DEVELOPMENT_TEAM = 5C56CTSGBQ;
				INFOPLIST_FILE = "bitfinex-Trade/Info.plist";
				LD_RUNPATH_SEARCH_PATHS = (
					"$(inherited)",
					"@executable_path/Frameworks",
				);
				PRODUCT_BUNDLE_IDENTIFIER = "eandd.bitfinex-Trade";
				PRODUCT_NAME = "$(TARGET_NAME)";
				SWIFT_VERSION = 5.0;
				TARGETED_DEVICE_FAMILY = "1,2";
			};
			name = Debug;
		};
		1D833B2526D78D5D000023B4 /* Release */ = {
			isa = XCBuildConfiguration;
			buildSettings = {
				ASSETCATALOG_COMPILER_APPICON_NAME = AppIcon;
				ASSETCATALOG_COMPILER_GLOBAL_ACCENT_COLOR_NAME = AccentColor;
				CODE_SIGN_STYLE = Automatic;
				DEVELOPMENT_TEAM = 5C56CTSGBQ;
				INFOPLIST_FILE = "bitfinex-Trade/Info.plist";
				LD_RUNPATH_SEARCH_PATHS = (
					"$(inherited)",
					"@executable_path/Frameworks",
				);
				PRODUCT_BUNDLE_IDENTIFIER = "eandd.bitfinex-Trade";
				PRODUCT_NAME = "$(TARGET_NAME)";
				SWIFT_VERSION = 5.0;
				TARGETED_DEVICE_FAMILY = "1,2";
			};
			name = Release;
		};
		1D833B2726D78D5D000023B4 /* Debug */ = {
			isa = XCBuildConfiguration;
			buildSettings = {
				ALWAYS_EMBED_SWIFT_STANDARD_LIBRARIES = YES;
				BUNDLE_LOADER = "$(TEST_HOST)";
				CODE_SIGN_STYLE = Automatic;
				DEVELOPMENT_TEAM = 5C56CTSGBQ;
				INFOPLIST_FILE = "bitfinex-TradeTests/Info.plist";
				IPHONEOS_DEPLOYMENT_TARGET = 14.5;
				LD_RUNPATH_SEARCH_PATHS = (
					"$(inherited)",
					"@executable_path/Frameworks",
					"@loader_path/Frameworks",
				);
				PRODUCT_BUNDLE_IDENTIFIER = "eandd.bitfinex-TradeTests";
				PRODUCT_NAME = "$(TARGET_NAME)";
				SWIFT_VERSION = 5.0;
				TARGETED_DEVICE_FAMILY = "1,2";
				TEST_HOST = "$(BUILT_PRODUCTS_DIR)/bitfinex-Trade.app/bitfinex-Trade";
			};
			name = Debug;
		};
		1D833B2826D78D5D000023B4 /* Release */ = {
			isa = XCBuildConfiguration;
			buildSettings = {
				ALWAYS_EMBED_SWIFT_STANDARD_LIBRARIES = YES;
				BUNDLE_LOADER = "$(TEST_HOST)";
				CODE_SIGN_STYLE = Automatic;
				DEVELOPMENT_TEAM = 5C56CTSGBQ;
				INFOPLIST_FILE = "bitfinex-TradeTests/Info.plist";
				IPHONEOS_DEPLOYMENT_TARGET = 14.5;
				LD_RUNPATH_SEARCH_PATHS = (
					"$(inherited)",
					"@executable_path/Frameworks",
					"@loader_path/Frameworks",
				);
				PRODUCT_BUNDLE_IDENTIFIER = "eandd.bitfinex-TradeTests";
				PRODUCT_NAME = "$(TARGET_NAME)";
				SWIFT_VERSION = 5.0;
				TARGETED_DEVICE_FAMILY = "1,2";
				TEST_HOST = "$(BUILT_PRODUCTS_DIR)/bitfinex-Trade.app/bitfinex-Trade";
			};
			name = Release;
		};
		1D833B2A26D78D5D000023B4 /* Debug */ = {
			isa = XCBuildConfiguration;
			buildSettings = {
				ALWAYS_EMBED_SWIFT_STANDARD_LIBRARIES = YES;
				CODE_SIGN_STYLE = Automatic;
				DEVELOPMENT_TEAM = 5C56CTSGBQ;
				INFOPLIST_FILE = "bitfinex-TradeUITests/Info.plist";
				LD_RUNPATH_SEARCH_PATHS = (
					"$(inherited)",
					"@executable_path/Frameworks",
					"@loader_path/Frameworks",
				);
				PRODUCT_BUNDLE_IDENTIFIER = "eandd.bitfinex-TradeUITests";
				PRODUCT_NAME = "$(TARGET_NAME)";
				SWIFT_VERSION = 5.0;
				TARGETED_DEVICE_FAMILY = "1,2";
				TEST_TARGET_NAME = "bitfinex-Trade";
			};
			name = Debug;
		};
		1D833B2B26D78D5D000023B4 /* Release */ = {
			isa = XCBuildConfiguration;
			buildSettings = {
				ALWAYS_EMBED_SWIFT_STANDARD_LIBRARIES = YES;
				CODE_SIGN_STYLE = Automatic;
				DEVELOPMENT_TEAM = 5C56CTSGBQ;
				INFOPLIST_FILE = "bitfinex-TradeUITests/Info.plist";
				LD_RUNPATH_SEARCH_PATHS = (
					"$(inherited)",
					"@executable_path/Frameworks",
					"@loader_path/Frameworks",
				);
				PRODUCT_BUNDLE_IDENTIFIER = "eandd.bitfinex-TradeUITests";
				PRODUCT_NAME = "$(TARGET_NAME)";
				SWIFT_VERSION = 5.0;
				TARGETED_DEVICE_FAMILY = "1,2";
				TEST_TARGET_NAME = "bitfinex-Trade";
			};
			name = Release;
		};
/* End XCBuildConfiguration section */

/* Begin XCConfigurationList section */
		1D833AF426D78D5C000023B4 /* Build configuration list for PBXProject "bitfinex-Trade" */ = {
			isa = XCConfigurationList;
			buildConfigurations = (
				1D833B2126D78D5D000023B4 /* Debug */,
				1D833B2226D78D5D000023B4 /* Release */,
			);
			defaultConfigurationIsVisible = 0;
			defaultConfigurationName = Release;
		};
		1D833B2326D78D5D000023B4 /* Build configuration list for PBXNativeTarget "bitfinex-Trade" */ = {
			isa = XCConfigurationList;
			buildConfigurations = (
				1D833B2426D78D5D000023B4 /* Debug */,
				1D833B2526D78D5D000023B4 /* Release */,
			);
			defaultConfigurationIsVisible = 0;
			defaultConfigurationName = Release;
		};
		1D833B2626D78D5D000023B4 /* Build configuration list for PBXNativeTarget "bitfinex-TradeTests" */ = {
			isa = XCConfigurationList;
			buildConfigurations = (
				1D833B2726D78D5D000023B4 /* Debug */,
				1D833B2826D78D5D000023B4 /* Release */,
			);
			defaultConfigurationIsVisible = 0;
			defaultConfigurationName = Release;
		};
		1D833B2926D78D5D000023B4 /* Build configuration list for PBXNativeTarget "bitfinex-TradeUITests" */ = {
			isa = XCConfigurationList;
			buildConfigurations = (
				1D833B2A26D78D5D000023B4 /* Debug */,
				1D833B2B26D78D5D000023B4 /* Release */,
			);
			defaultConfigurationIsVisible = 0;
			defaultConfigurationName = Release;
		};
/* End XCConfigurationList section */
	};
	rootObject = 1D833AF126D78D5C000023B4 /* Project object */;
}
